<?xml version="1.0" encoding="UTF-8"?>
<Scheme
   LastUpgradeVersion = "2660"
   version = "1.7">
   <BuildAction
      parallelizeBuildables = "YES"
      buildImplicitDependencies = "YES"
      buildArchitectures = "Automatic">
      <BuildActionEntries>
         <BuildActionEntry
            buildForTesting = "YES"
            buildForRunning = "YES"
            buildForProfiling = "YES"
            buildForArchiving = "YES"
            buildForAnalyzing = "YES">
            <BuildableReference
               BuildableIdentifier = "primary"
               BlueprintIdentifier = "73568EF1302A4CD7002E846D"
               BuildableName = "AvpViceCity.app"
               BlueprintName = "AvpViceCity"
               ReferencedContainer = "container:AvpViceCity.xcodeproj">
            </BuildableReference>
         </BuildActionEntry>
      </BuildActionEntries>
   </BuildAction>
   <TestAction
      buildConfiguration = "Debug"
      selectedDebuggerIdentifier = "Xcode.DebuggerFoundation.Debugger.LLDB"
      selectedLauncherIdentifier = "Xcode.DebuggerFoundation.Launcher.LLDB"
      shouldUseLaunchSchemeArgsEnv = "YES"
      shouldAutocreateTestPlan = "YES">
   </TestAction>
   <LaunchAction
      buildConfiguration = "Debug"
      selectedDebuggerIdentifier = "Xcode.DebuggerFoundation.Debugger.LLDB"
      selectedLauncherIdentifier = "Xcode.DebuggerFoundation.Launcher.LLDB"
      launchStyle = "0"
      useCustomWorkingDirectory = "NO"
      ignoresPersistentStateOnLaunch = "NO"
      debugDocumentVersioning = "YES"
      debugServiceExtension = "internal"
      allowLocationSimulation = "YES"
      queueDebuggingEnableBacktraceRecording = "Yes">
      <BuildableProductRunnable
         runnableDebuggingMode = "0">
         <BuildableReference
            BuildableIdentifier = "primary"
            BlueprintIdentifier = "73568EF1302A4CD7002E846D"
            BuildableName = "AvpViceCity.app"
            BlueprintName = "AvpViceCity"
            ReferencedContainer = "container:AvpViceCity.xcodeproj">
         </BuildableReference>
      </BuildableProductRunnable>
      <EnvironmentVariables>
         <EnvironmentVariable
            key = "VC_DEBUG_TRIANGLE"
            value = "0"
            isEnabled = "NO">
         </EnvironmentVariable>
         <EnvironmentVariable
            key = "VC_DEBUG_STATS"
            value = "0"
            isEnabled = "NO">
         </EnvironmentVariable>
         <EnvironmentVariable
            key = "VC_NOFENCE"
            value = "0"
            isEnabled = "NO">
         </EnvironmentVariable>
         <EnvironmentVariable
            key = "VC_BUFFER_MODE"
            value = "newest"
            isEnabled = "NO">
         </EnvironmentVariable>
         <EnvironmentVariable
            key = "VC_DOUBLE_RENDER"
            value = "2"
            isEnabled = "NO">
         </EnvironmentVariable>
         <EnvironmentVariable
            key = "VC_SLICE_TEST"
            value = "1"
            isEnabled = "NO">
         </EnvironmentVariable>
         <EnvironmentVariable
            key = "VC_RENDER_MODE"
            value = "stereo"
            isEnabled = "NO">
         </EnvironmentVariable>
         <EnvironmentVariable
            key = "VC_MATRIX_TEST"
            value = "identity"
            isEnabled = "YES">
         </EnvironmentVariable>
      </EnvironmentVariables>
   </LaunchAction>
   <ProfileAction
      buildConfiguration = "Release"
      shouldUseLaunchSchemeArgsEnv = "YES"
      savedToolIdentifier = ""
      useCustomWorkingDirectory = "NO"
      debugDocumentVersioning = "YES">
      <BuildableProductRunnable
         runnableDebuggingMode = "0">
         <BuildableReference
            BuildableIdentifier = "primary"
            BlueprintIdentifier = "73568EF1302A4CD7002E846D"
            BuildableName = "AvpViceCity.app"
            BlueprintName = "AvpViceCity"
            ReferencedContainer = "container:AvpViceCity.xcodeproj">
         </BuildableReference>
      </BuildableProductRunnable>
   </ProfileAction>
   <AnalyzeAction
      buildConfiguration = "Debug">
   </AnalyzeAction>
   <ArchiveAction
      buildConfiguration = "Release"
      revealArchiveInOrganizer = "YES">
   </ArchiveAction>
</Scheme>
