<?xml version="1.0" encoding="UTF-8"?>
<Scheme
   LastUpgradeVersion = "2660"
   version = "1.7">
   <BuildAction
      parallelizeBuildables = "YES"
      buildImplicitDependencies = "YES"
      buildArchitectures = "Automatic">
      <BuildActionEntries>
         <BuildActionEntry
            buildForTesting = "YES"
            buildForRunning = "YES"
            buildForProfiling = "YES"
            buildForArchiving = "YES"
            buildForAnalyzing = "YES">
            <BuildableReference
               BuildableIdentifier = "primary"
               BlueprintIdentifier = "73568EF1302A4CD7002E846D"
               BuildableName = "AvpViceCity.app"
               BlueprintName = "AvpViceCity"
               ReferencedContainer = "container:AvpViceCity.xcodeproj">
            </BuildableReference>
         </BuildActionEntry>
      </BuildActionEntries>
   </BuildAction>
   <TestAction
      buildConfiguration = "Debug"
      selectedDebuggerIdentifier = "Xcode.DebuggerFoundation.Debugger.LLDB"
      selectedLauncherIdentifier = "Xcode.DebuggerFoundation.Launcher.LLDB"
      shouldUseLaunchSchemeArgsEnv = "YES"
      shouldAutocreateTestPlan = "YES">
   </TestAction>
   <LaunchAction
      buildConfiguration = "Debug"
      selectedDebuggerIdentifier = "Xcode.DebuggerFoundation.Debugger.LLDB"
      selectedLauncherIdentifier = "Xcode.DebuggerFoundation.Launcher.LLDB"
      launchStyle = "0"
      useCustomWorkingDirectory = "NO"
      ignoresPersistentStateOnLaunch = "NO"
      debugDocumentVersioning = "YES"
      debugServiceExtension = "internal"
      allowLocationSimulation = "YES"
      queueDebuggingEnableBacktraceRecording = "Yes">
      <BuildableProductRunnable
         runnableDebuggingMode = "0">
         <BuildableReference
            BuildableIdentifier = "primary"
            BlueprintIdentifier = "73568EF1302A4CD7002E846D"
            BuildableName = "AvpViceCity.app"
            BlueprintName = "AvpViceCity"
            ReferencedContainer = "container:AvpViceCity.xcodeproj">
         </BuildableReference>
      </BuildableProductRunnable>
      <EnvironmentVariables>
         <EnvironmentVariable
            key = "VC_DEBUG_TRIANGLE"
            value = "0"
            isEnabled = "NO">
         </EnvironmentVariable>
         <EnvironmentVariable
            key = "VC_DEBUG_STATS"
            value = "0"
            isEnabled = "NO">
         </EnvironmentVariable>
         <EnvironmentVariable
            key = "VC_NOFENCE"
            value = "0"
            isEnabled = "NO">
         </EnvironmentVariable>
         <EnvironmentVariable
            key = "VC_BUFFER_MODE"
            value = "newest"
            isEnabled = "NO">
         </EnvironmentVariable>
         <EnvironmentVariable
            key = "VC_DOUBLE_RENDER"
            value = "2"
            isEnabled = "NO">
         </EnvironmentVariable>
         <EnvironmentVariable
            key = "VC_SLICE_TEST"
            value = "1"
            isEnabled = "NO">
         </EnvironmentVariable>
         <EnvironmentVariable
            key = "VC_RENDER_MODE"
            value = "stereo"
            isEnabled = "YES">
         </EnvironmentVariable>
         <EnvironmentVariable
            key = "VC_MATRIX_TEST"
            value = "identity"
            isEnabled = "NO">
         </EnvironmentVariable>
         <EnvironmentVariable
            key = "VC_HEAD_TRACKING"
            value = "yaw"
            isEnabled = "NO">
         </EnvironmentVariable>
         <EnvironmentVariable
            key = "VC_HEAD_KEEP_PROJ"
            value = "1"
            isEnabled = "NO">
         </EnvironmentVariable>
         <EnvironmentVariable
            key = "VC_STEREO_TESTFILL"
            value = "0"
            isEnabled = "NO">
         </EnvironmentVariable>
         <EnvironmentVariable
            key = "VC_STEREO_CLEARTEST"
            value = "1"
            isEnabled = "NO">
         </EnvironmentVariable>
         <EnvironmentVariable
            key = "VC_STEREO_NOWAIT"
            value = "1"
            isEnabled = "NO">
         </EnvironmentVariable>
         <EnvironmentVariable
            key = "VC_STEREO_BASECLEAR"
            value = "1"
            isEnabled = "NO">
         </EnvironmentVariable>
         <EnvironmentVariable
            key = "VC_STEREO_SLICEPROBE"
            value = "1"
            isEnabled = "NO">
         </EnvironmentVariable>
         <EnvironmentVariable
            key = "VC_STEREO_KEEP_PROJ"
            value = "1"
            isEnabled = "NO">
         </EnvironmentVariable>
         <EnvironmentVariable
            key = "VC_STEREO_WORLD_SCALE"
            value = "0"
            isEnabled = "NO">
         </EnvironmentVariable>
         <EnvironmentVariable
            key = "VC_STEREO_NOASYM"
            value = "1"
            isEnabled = "NO">
         </EnvironmentVariable>
         <EnvironmentVariable
            key = "VC_STEREO_HEADLOOK"
            value = "1"
            isEnabled = "NO">
         </EnvironmentVariable>
         <EnvironmentVariable
            key = "VC_NUM_BUFFERS"
            value = "4"
            isEnabled = "NO">
         </EnvironmentVariable>
         <EnvironmentVariable
            key = "VC_FRAME_CAP_HZ"
            value = "90"
            isEnabled = "NO">
         </EnvironmentVariable>
         <EnvironmentVariable
            key = "VC_HUD_DEPTH"
            value = "2"
            isEnabled = "YES">
         </EnvironmentVariable>
         <EnvironmentVariable
            key = "VC_HUD_SIZE"
            value = "0.4"
            isEnabled = "YES">
         </EnvironmentVariable>
         <EnvironmentVariable
            key = "VC_MENU_DEPTH"
            value = "2"
            isEnabled = "YES">
         </EnvironmentVariable>
         <EnvironmentVariable
            key = "VC_MENU_SIZE"
            value = "0.25"
            isEnabled = "YES">
         </EnvironmentVariable>
         <EnvironmentVariable
            key = "VC_STEREO_CAMERA"
            value = "0"
            isEnabled = "NO">
         </EnvironmentVariable>
         <EnvironmentVariable
            key = "VC_TEXLOG"
            value = "1"
            isEnabled = "NO">
         </EnvironmentVariable>
         <EnvironmentVariable
            key = "VC_PERF_LOG"
            value = "1"
            isEnabled = "NO">
         </EnvironmentVariable>
         <EnvironmentVariable
            key = "VC_CAP_FACTOR"
            value = "1.5"
            isEnabled = "NO">
         </EnvironmentVariable>
         <EnvironmentVariable
            key = "VC_CAP_LEAD_MS"
            value = "4"
            isEnabled = "NO">
         </EnvironmentVariable>
         <EnvironmentVariable
            key = "VC_REPROJ_FIX"
            value = "0"
            isEnabled = "NO">
         </EnvironmentVariable>
         <EnvironmentVariable
            key = "VC_FRAME_CAP_HZ"
            value = "0"
            isEnabled = "NO">
         </EnvironmentVariable>
         <EnvironmentVariable
            key = "VC_SPLASH_FADEIN_MS"
            value = "700"
            isEnabled = "NO">
         </EnvironmentVariable>
         <EnvironmentVariable
            key = "VC_RES"
            value = "4"
            isEnabled = "NO">
         </EnvironmentVariable>
         <EnvironmentVariable
            key = "VC_MAX_RENDER_QUALITY"
            value = "off"
            isEnabled = "NO">
         </EnvironmentVariable>
         <EnvironmentVariable
            key = "VC_DRAWABLE_8BIT"
            value = "1"
            isEnabled = "NO">
         </EnvironmentVariable>
         <EnvironmentVariable
            key = "VC_MSAA"
            value = "0"
            isEnabled = "NO">
         </EnvironmentVariable>
         <EnvironmentVariable
            key = "VC_MIPMAP"
            value = "1"
            isEnabled = "NO">
         </EnvironmentVariable>
         <EnvironmentVariable
            key = "VC_ANISO"
            value = "8"
            isEnabled = "NO">
         </EnvironmentVariable>
         <EnvironmentVariable
            key = "VC_MIPMAP_ALPHA"
            value = "0"
            isEnabled = "NO">
         </EnvironmentVariable>
         <EnvironmentVariable
            key = "VC_SKIN_FOG"
            value = "off"
            isEnabled = "NO">
         </EnvironmentVariable>
         <EnvironmentVariable
            key = "VC_SKIN_LODBIAS"
            value = "0"
            isEnabled = "NO">
         </EnvironmentVariable>
         <EnvironmentVariable
            key = "VC_GPU_SPLIT"
            value = "1"
            isEnabled = "NO">
         </EnvironmentVariable>
         <EnvironmentVariable
            key = "VC_EYE_GPU"
            value = "1"
            isEnabled = "NO">
         </EnvironmentVariable>
         <EnvironmentVariable
            key = "VC_FOVEATE"
            value = "1"
            isEnabled = "NO">
         </EnvironmentVariable>
         <EnvironmentVariable
            key = "VC_FOVEATE_EDGE"
            value = "0.15"
            isEnabled = "NO">
         </EnvironmentVariable>
         <EnvironmentVariable
            key = "VC_CULL_HEADPOSE"
            value = "0"
            isEnabled = "NO">
         </EnvironmentVariable>
         <EnvironmentVariable
            key = "VC_CULL_MARGIN"
            value = "2.2"
            isEnabled = "NO">
         </EnvironmentVariable>
         <EnvironmentVariable
            key = "VC_CULL_BBLOG"
            value = "1"
            isEnabled = "NO">
         </EnvironmentVariable>
         <EnvironmentVariable
            key = "VC_AIM_SENSITIVITY"
            value = "1"
            isEnabled = "NO">
         </EnvironmentVariable>
         <EnvironmentVariable
            key = "VC_AIM_LOG"
            value = "1"
            isEnabled = "NO">
         </EnvironmentVariable>
         <EnvironmentVariable
            key = "VC_AIM_1P_PITCH"
            value = "5"
            isEnabled = "NO">
         </EnvironmentVariable>
         <EnvironmentVariable
            key = "VC_STEREO_LOG"
            value = "1"
            isEnabled = "NO">
         </EnvironmentVariable>
         <EnvironmentVariable
            key = "VC_EYE_DEPTH_SPLIT"
            value = "1"
            isEnabled = "NO">
         </EnvironmentVariable>
         <EnvironmentVariable
            key = "VC_EYE_SLICE_SWAP"
            value = "1"
            isEnabled = "NO">
         </EnvironmentVariable>
         <EnvironmentVariable
            key = "VC_EYE_FORCE0"
            value = "1"
            isEnabled = "NO">
         </EnvironmentVariable>
         <EnvironmentVariable
            key = "VC_DRAW_LOG"
            value = "1"
            isEnabled = "NO">
         </EnvironmentVariable>
         <EnvironmentVariable
            key = "VC_EYE_DEPTH_SPLIT"
            value = "1"
            isEnabled = "NO">
         </EnvironmentVariable>
         <EnvironmentVariable
            key = "VC_STEREO_ZFIX"
            value = "1"
            isEnabled = "NO">
         </EnvironmentVariable>
         <EnvironmentVariable
            key = "VC_ALPHA_LOG"
            value = "1"
            isEnabled = "YES">
         </EnvironmentVariable>
      </EnvironmentVariables>
   </LaunchAction>
   <ProfileAction
      buildConfiguration = "Release"
      shouldUseLaunchSchemeArgsEnv = "YES"
      savedToolIdentifier = ""
      useCustomWorkingDirectory = "NO"
      debugDocumentVersioning = "YES">
      <BuildableProductRunnable
         runnableDebuggingMode = "0">
         <BuildableReference
            BuildableIdentifier = "primary"
            BlueprintIdentifier = "73568EF1302A4CD7002E846D"
            BuildableName = "AvpViceCity.app"
            BlueprintName = "AvpViceCity"
            ReferencedContainer = "container:AvpViceCity.xcodeproj">
         </BuildableReference>
      </BuildableProductRunnable>
   </ProfileAction>
   <AnalyzeAction
      buildConfiguration = "Debug">
   </AnalyzeAction>
   <ArchiveAction
      buildConfiguration = "Release"
      revealArchiveInOrganizer = "YES">
   </ArchiveAction>
</Scheme>
